
Microsoft Visual Studio Solution File, Format Version 12.00
# Visual Studio 15
VisualStudioVersion = 15.0.26228.9
MinimumVisualStudioVersion = 10.0.40219.1
Project("{9A19103F-16F7-4668-BE54-9A1E7A4F7556}") = "Nine.Injection", "src\Nine.Injection.csproj", "{A7FC9AA1-5151-4C7E-B94D-16160D4E3C96}"
EndProject
Project("{9A19103F-16F7-4668-BE54-9A1E7A4F7556}") = "Nine.Injection.Test", "test\Nine.Injection.Test.csproj", "{817012B7-C487-4CAB-AE97-CD436344F06C}"
EndProject
Global
	GlobalSection(SolutionConfigurationPlatforms) = preSolution
		Debug|Any CPU = Debug|Any CPU
		Release|Any CPU = Release|Any CPU
	EndGlobalSection
	GlobalSection(ProjectConfigurationPlatforms) = postSolution
		{A7FC9AA1-5151-4C7E-B94D-16160D4E3C96}.Debug|Any CPU.ActiveCfg = Debug|Any CPU
		{A7FC9AA1-5151-4C7E-B94D-16160D4E3C96}.Debug|Any CPU.Build.0 = Debug|Any CPU
		{A7FC9AA1-5151-4C7E-B94D-16160D4E3C96}.Release|Any CPU.ActiveCfg = Release|Any CPU
		{A7FC9AA1-5151-4C7E-B94D-16160D4E3C96}.Release|Any CPU.Build.0 = Release|Any CPU
		{817012B7-C487-4CAB-AE97-CD436344F06C}.Debug|Any CPU.ActiveCfg = Debug|Any CPU
		{817012B7-C487-4CAB-AE97-CD436344F06C}.Debug|Any CPU.Build.0 = Debug|Any CPU
		{817012B7-C487-4CAB-AE97-CD436344F06C}.Release|Any CPU.ActiveCfg = Release|Any CPU
		{817012B7-C487-4CAB-AE97-CD436344F06C}.Release|Any CPU.Build.0 = Release|Any CPU
	EndGlobalSection
	GlobalSection(SolutionProperties) = preSolution
		HideSolutionNode = FALSE
	EndGlobalSection
EndGlobal
